// !$*UTF8*$!
{
	archiveVersion = 1;
	classes = {
	};
	objectVersion = 56;
	objects = {

/* Begin PBXBuildFile section */
		D83D239D2AEB855100331011 /* AppDelegate.swift in Sources */ = {isa = PBXBuildFile; fileRef = D83D239C2AEB855100331011 /* AppDelegate.swift */; };
		D83D239F2AEB855100331011 /* SceneDelegate.swift in Sources */ = {isa = PBXBuildFile; fileRef = D83D239E2AEB855100331011 /* SceneDelegate.swift */; };
		D83D23A12AEB855100331011 /* LoginViewController.swift in Sources */ = {isa = PBXBuildFile; fileRef = D83D23A02AEB855100331011 /* LoginViewController.swift */; };
		D83D23A42AEB855100331011 /* Main.storyboard in Resources */ = {isa = PBXBuildFile; fileRef = D83D23A22AEB855100331011 /* Main.storyboard */; };
		D83D23A62AEB855200331011 /* Assets.xcassets in Resources */ = {isa = PBXBuildFile; fileRef = D83D23A52AEB855200331011 /* Assets.xcassets */; };
		D83D23A92AEB855200331011 /* LaunchScreen.storyboard in Resources */ = {isa = PBXBuildFile; fileRef = D83D23A72AEB855200331011 /* LaunchScreen.storyboard */; };
		D83D23B12AEB859B00331011 /* Colors.xcassets in Resources */ = {isa = PBXBuildFile; fileRef = D83D23B02AEB859B00331011 /* Colors.xcassets */; };
		D83D23B52AEB964F00331011 /* HomeViewController.swift in Sources */ = {isa = PBXBuildFile; fileRef = D83D23B42AEB964F00331011 /* HomeViewController.swift */; };
		D83D23C22AEBA59800331011 /* HomeVideoCell.swift in Sources */ = {isa = PBXBuildFile; fileRef = D83D23C02AEBA59800331011 /* HomeVideoCell.swift */; };
		D83D23C32AEBA59800331011 /* HomeVideoCell.xib in Resources */ = {isa = PBXBuildFile; fileRef = D83D23C12AEBA59800331011 /* HomeVideoCell.xib */; };
		D83D23C52AEBAE3300331011 /* HomeSection.swift in Sources */ = {isa = PBXBuildFile; fileRef = D83D23C42AEBAE3300331011 /* HomeSection.swift */; };
		D83D23C72AEBB25F00331011 /* TabBarController.swift in Sources */ = {isa = PBXBuildFile; fileRef = D83D23C62AEBB25F00331011 /* TabBarController.swift */; };
		D83D23CA2AEBB33100331011 /* HomeHeaderCell.swift in Sources */ = {isa = PBXBuildFile; fileRef = D83D23C82AEBB33100331011 /* HomeHeaderCell.swift */; };
		D83D23CB2AEBB33100331011 /* HomeHeaderCell.xib in Resources */ = {isa = PBXBuildFile; fileRef = D83D23C92AEBB33100331011 /* HomeHeaderCell.xib */; };
		D83D23CE2AEBB55900331011 /* HomeFooterCell.swift in Sources */ = {isa = PBXBuildFile; fileRef = D83D23CC2AEBB55900331011 /* HomeFooterCell.swift */; };
		D83D23CF2AEBB55900331011 /* HomeFooterCell.xib in Resources */ = {isa = PBXBuildFile; fileRef = D83D23CD2AEBB55900331011 /* HomeFooterCell.xib */; };
		D83D23D22AEBBAEA00331011 /* HomeRecommendContainerCell.swift in Sources */ = {isa = PBXBuildFile; fileRef = D83D23D02AEBBAEA00331011 /* HomeRecommendContainerCell.swift */; };
		D83D23D32AEBBAEA00331011 /* HomeRecommendContainerCell.xib in Resources */ = {isa = PBXBuildFile; fileRef = D83D23D12AEBBAEA00331011 /* HomeRecommendContainerCell.xib */; };
		D83D23D62AEBBDE300331011 /* HomeRecommendItemCell.swift in Sources */ = {isa = PBXBuildFile; fileRef = D83D23D42AEBBDE300331011 /* HomeRecommendItemCell.swift */; };
		D83D23D72AEBBDE300331011 /* HomeRecommendItemCell.xib in Resources */ = {isa = PBXBuildFile; fileRef = D83D23D52AEBBDE300331011 /* HomeRecommendItemCell.xib */; };
		D83D23DA2AEFAE1F00331011 /* HomeRankingContainerCell.swift in Sources */ = {isa = PBXBuildFile; fileRef = D83D23D82AEFAE1F00331011 /* HomeRankingContainerCell.swift */; };
		D83D23DB2AEFAE1F00331011 /* HomeRankingContainerCell.xib in Resources */ = {isa = PBXBuildFile; fileRef = D83D23D92AEFAE1F00331011 /* HomeRankingContainerCell.xib */; };
		D83D23DE2AEFB31000331011 /* HomeRankingItemCell.swift in Sources */ = {isa = PBXBuildFile; fileRef = D83D23DC2AEFB31000331011 /* HomeRankingItemCell.swift */; };
		D83D23DF2AEFB31000331011 /* HomeRankingItemCell.xib in Resources */ = {isa = PBXBuildFile; fileRef = D83D23DD2AEFB31000331011 /* HomeRankingItemCell.xib */; };
		D83D23E82AEFB87300331011 /* HomeRecentWatchItemCell.swift in Sources */ = {isa = PBXBuildFile; fileRef = D83D23E62AEFB87300331011 /* HomeRecentWatchItemCell.swift */; };
		D83D23E92AEFB87300331011 /* HomeRecentWatchItemCell.xib in Resources */ = {isa = PBXBuildFile; fileRef = D83D23E72AEFB87300331011 /* HomeRecentWatchItemCell.xib */; };
		D83D23F02AEFB90800331011 /* HomeRecentWatchContainerCell.swift in Sources */ = {isa = PBXBuildFile; fileRef = D83D23EE2AEFB90800331011 /* HomeRecentWatchContainerCell.swift */; };
		D83D23F12AEFB90800331011 /* HomeRecentWatchContainerCell.xib in Resources */ = {isa = PBXBuildFile; fileRef = D83D23EF2AEFB90800331011 /* HomeRecentWatchContainerCell.xib */; };
		D83D23F42AF0A59800331011 /* Home.swift in Sources */ = {isa = PBXBuildFile; fileRef = D83D23F32AF0A59800331011 /* Home.swift */; };
		D83D23F72AF0A6FD00331011 /* home.json in Resources */ = {isa = PBXBuildFile; fileRef = D83D23F62AF0A6FD00331011 /* home.json */; };
		D83D23F92AF0B63F00331011 /* HomeViewModel.swift in Sources */ = {isa = PBXBuildFile; fileRef = D83D23F82AF0B63F00331011 /* HomeViewModel.swift */; };
		D83D24032AF0F03800331011 /* URLDefines.swift in Sources */ = {isa = PBXBuildFile; fileRef = D83D24022AF0F03800331011 /* URLDefines.swift */; };
		D83D24072AF0F0C400331011 /* DataLoader.swift in Sources */ = {isa = PBXBuildFile; fileRef = D83D24062AF0F0C400331011 /* DataLoader.swift */; };
		D83D240A2AF0F16E00331011 /* UIImageView+Extension.swift in Sources */ = {isa = PBXBuildFile; fileRef = D83D24092AF0F16E00331011 /* UIImageView+Extension.swift */; };
/* End PBXBuildFile section */

/* Begin PBXFileReference section */
		D83D23992AEB855100331011 /* KTV.app */ = {isa = PBXFileReference; explicitFileType = wrapper.application; includeInIndex = 0; path = KTV.app; sourceTree = BUILT_PRODUCTS_DIR; };
		D83D239C2AEB855100331011 /* AppDelegate.swift */ = {isa = PBXFileReference; lastKnownFileType = sourcecode.swift; path = AppDelegate.swift; sourceTree = "<group>"; };
		D83D239E2AEB855100331011 /* SceneDelegate.swift */ = {isa = PBXFileReference; lastKnownFileType = sourcecode.swift; path = SceneDelegate.swift; sourceTree = "<group>"; };
		D83D23A02AEB855100331011 /* LoginViewController.swift */ = {isa = PBXFileReference; lastKnownFileType = sourcecode.swift; path = LoginViewController.swift; sourceTree = "<group>"; };
		D83D23A32AEB855100331011 /* Base */ = {isa = PBXFileReference; lastKnownFileType = file.storyboard; name = Base; path = Base.lproj/Main.storyboard; sourceTree = "<group>"; };
		D83D23A52AEB855200331011 /* Assets.xcassets */ = {isa = PBXFileReference; lastKnownFileType = folder.assetcatalog; path = Assets.xcassets; sourceTree = "<group>"; };
		D83D23A82AEB855200331011 /* Base */ = {isa = PBXFileReference; lastKnownFileType = file.storyboard; name = Base; path = Base.lproj/LaunchScreen.storyboard; sourceTree = "<group>"; };
		D83D23AA2AEB855200331011 /* Info.plist */ = {isa = PBXFileReference; lastKnownFileType = text.plist.xml; path = Info.plist; sourceTree = "<group>"; };
		D83D23B02AEB859B00331011 /* Colors.xcassets */ = {isa = PBXFileReference; lastKnownFileType = folder.assetcatalog; path = Colors.xcassets; sourceTree = "<group>"; };
		D83D23B42AEB964F00331011 /* HomeViewController.swift */ = {isa = PBXFileReference; lastKnownFileType = sourcecode.swift; path = HomeViewController.swift; sourceTree = "<group>"; };
		D83D23C02AEBA59800331011 /* HomeVideoCell.swift */ = {isa = PBXFileReference; lastKnownFileType = sourcecode.swift; path = HomeVideoCell.swift; sourceTree = "<group>"; };
		D83D23C12AEBA59800331011 /* HomeVideoCell.xib */ = {isa = PBXFileReference; lastKnownFileType = file.xib; path = HomeVideoCell.xib; sourceTree = "<group>"; };
		D83D23C42AEBAE3300331011 /* HomeSection.swift */ = {isa = PBXFileReference; lastKnownFileType = sourcecode.swift; path = HomeSection.swift; sourceTree = "<group>"; };
		D83D23C62AEBB25F00331011 /* TabBarController.swift */ = {isa = PBXFileReference; lastKnownFileType = sourcecode.swift; path = TabBarController.swift; sourceTree = "<group>"; };
		D83D23C82AEBB33100331011 /* HomeHeaderCell.swift */ = {isa = PBXFileReference; lastKnownFileType = sourcecode.swift; path = HomeHeaderCell.swift; sourceTree = "<group>"; };
		D83D23C92AEBB33100331011 /* HomeHeaderCell.xib */ = {isa = PBXFileReference; lastKnownFileType = file.xib; path = HomeHeaderCell.xib; sourceTree = "<group>"; };
		D83D23CC2AEBB55900331011 /* HomeFooterCell.swift */ = {isa = PBXFileReference; lastKnownFileType = sourcecode.swift; path = HomeFooterCell.swift; sourceTree = "<group>"; };
		D83D23CD2AEBB55900331011 /* HomeFooterCell.xib */ = {isa = PBXFileReference; lastKnownFileType = file.xib; path = HomeFooterCell.xib; sourceTree = "<group>"; };
		D83D23D02AEBBAEA00331011 /* HomeRecommendContainerCell.swift */ = {isa = PBXFileReference; lastKnownFileType = sourcecode.swift; path = HomeRecommendContainerCell.swift; sourceTree = "<group>"; };
		D83D23D12AEBBAEA00331011 /* HomeRecommendContainerCell.xib */ = {isa = PBXFileReference; lastKnownFileType = file.xib; path = HomeRecommendContainerCell.xib; sourceTree = "<group>"; };
		D83D23D42AEBBDE300331011 /* HomeRecommendItemCell.swift */ = {isa = PBXFileReference; lastKnownFileType = sourcecode.swift; path = HomeRecommendItemCell.swift; sourceTree = "<group>"; };
		D83D23D52AEBBDE300331011 /* HomeRecommendItemCell.xib */ = {isa = PBXFileReference; lastKnownFileType = file.xib; path = HomeRecommendItemCell.xib; sourceTree = "<group>"; };
		D83D23D82AEFAE1F00331011 /* HomeRankingContainerCell.swift */ = {isa = PBXFileReference; lastKnownFileType = sourcecode.swift; path = HomeRankingContainerCell.swift; sourceTree = "<group>"; };
		D83D23D92AEFAE1F00331011 /* HomeRankingContainerCell.xib */ = {isa = PBXFileReference; lastKnownFileType = file.xib; path = HomeRankingContainerCell.xib; sourceTree = "<group>"; };
		D83D23DC2AEFB31000331011 /* HomeRankingItemCell.swift */ = {isa = PBXFileReference; lastKnownFileType = sourcecode.swift; path = HomeRankingItemCell.swift; sourceTree = "<group>"; };
		D83D23DD2AEFB31000331011 /* HomeRankingItemCell.xib */ = {isa = PBXFileReference; lastKnownFileType = file.xib; path = HomeRankingItemCell.xib; sourceTree = "<group>"; };
		D83D23E62AEFB87300331011 /* HomeRecentWatchItemCell.swift */ = {isa = PBXFileReference; lastKnownFileType = sourcecode.swift; path = HomeRecentWatchItemCell.swift; sourceTree = "<group>"; };
		D83D23E72AEFB87300331011 /* HomeRecentWatchItemCell.xib */ = {isa = PBXFileReference; lastKnownFileType = file.xib; path = HomeRecentWatchItemCell.xib; sourceTree = "<group>"; };
		D83D23EE2AEFB90800331011 /* HomeRecentWatchContainerCell.swift */ = {isa = PBXFileReference; lastKnownFileType = sourcecode.swift; path = HomeRecentWatchContainerCell.swift; sourceTree = "<group>"; };
		D83D23EF2AEFB90800331011 /* HomeRecentWatchContainerCell.xib */ = {isa = PBXFileReference; lastKnownFileType = file.xib; path = HomeRecentWatchContainerCell.xib; sourceTree = "<group>"; };
		D83D23F32AF0A59800331011 /* Home.swift */ = {isa = PBXFileReference; lastKnownFileType = sourcecode.swift; path = Home.swift; sourceTree = "<group>"; };
		D83D23F62AF0A6FD00331011 /* home.json */ = {isa = PBXFileReference; fileEncoding = 4; lastKnownFileType = text.json; path = home.json; sourceTree = "<group>"; };
		D83D23F82AF0B63F00331011 /* HomeViewModel.swift */ = {isa = PBXFileReference; lastKnownFileType = sourcecode.swift; path = HomeViewModel.swift; sourceTree = "<group>"; };
		D83D24022AF0F03800331011 /* URLDefines.swift */ = {isa = PBXFileReference; lastKnownFileType = sourcecode.swift; path = URLDefines.swift; sourceTree = "<group>"; };
		D83D24062AF0F0C400331011 /* DataLoader.swift */ = {isa = PBXFileReference; lastKnownFileType = sourcecode.swift; path = DataLoader.swift; sourceTree = "<group>"; };
		D83D24092AF0F16E00331011 /* UIImageView+Extension.swift */ = {isa = PBXFileReference; lastKnownFileType = sourcecode.swift; path = "UIImageView+Extension.swift"; sourceTree = "<group>"; };
/* End PBXFileReference section */

/* Begin PBXFrameworksBuildPhase section */
		D83D23962AEB855100331011 /* Frameworks */ = {
			isa = PBXFrameworksBuildPhase;
			buildActionMask = 2147483647;
			files = (
			);
			runOnlyForDeploymentPostprocessing = 0;
		};
/* End PBXFrameworksBuildPhase section */

/* Begin PBXGroup section */
		D83D23902AEB855100331011 = {
			isa = PBXGroup;
			children = (
				D83D239B2AEB855100331011 /* KTV */,
				D83D239A2AEB855100331011 /* Products */,
			);
			sourceTree = "<group>";
		};
		D83D239A2AEB855100331011 /* Products */ = {
			isa = PBXGroup;
			children = (
				D83D23992AEB855100331011 /* KTV.app */,
			);
			name = Products;
			sourceTree = "<group>";
		};
		D83D239B2AEB855100331011 /* KTV */ = {
			isa = PBXGroup;
			children = (
				D83D239C2AEB855100331011 /* AppDelegate.swift */,
				D83D239E2AEB855100331011 /* SceneDelegate.swift */,
				D83D24042AF0F08F00331011 /* Features */,
				D83D23F22AF0A58800331011 /* Models */,
				D83D24052AF0F0A900331011 /* Utils */,
				D83D23A22AEB855100331011 /* Main.storyboard */,
				D83D23A52AEB855200331011 /* Assets.xcassets */,
				D83D23B02AEB859B00331011 /* Colors.xcassets */,
				D83D23A72AEB855200331011 /* LaunchScreen.storyboard */,
				D83D23AA2AEB855200331011 /* Info.plist */,
			);
			path = KTV;
			sourceTree = "<group>";
		};
		D83D23B22AEB92D900331011 /* Login */ = {
			isa = PBXGroup;
			children = (
				D83D23A02AEB855100331011 /* LoginViewController.swift */,
			);
			path = Login;
			sourceTree = "<group>";
		};
		D83D23B32AEB963F00331011 /* Home */ = {
			isa = PBXGroup;
			children = (
				D83D23C62AEBB25F00331011 /* TabBarController.swift */,
				D83D23B72AEB96BA00331011 /* Cell */,
				D83D23B42AEB964F00331011 /* HomeViewController.swift */,
				D83D23F82AF0B63F00331011 /* HomeViewModel.swift */,
				D83D23C42AEBAE3300331011 /* HomeSection.swift */,
			);
			path = Home;
			sourceTree = "<group>";
		};
		D83D23B72AEB96BA00331011 /* Cell */ = {
			isa = PBXGroup;
			children = (
				D83D23C82AEBB33100331011 /* HomeHeaderCell.swift */,
				D83D23C92AEBB33100331011 /* HomeHeaderCell.xib */,
				D83D23C02AEBA59800331011 /* HomeVideoCell.swift */,
				D83D23C12AEBA59800331011 /* HomeVideoCell.xib */,
				D83D23D82AEFAE1F00331011 /* HomeRankingContainerCell.swift */,
				D83D23D92AEFAE1F00331011 /* HomeRankingContainerCell.xib */,
				D83D23DC2AEFB31000331011 /* HomeRankingItemCell.swift */,
				D83D23DD2AEFB31000331011 /* HomeRankingItemCell.xib */,
				D83D23EE2AEFB90800331011 /* HomeRecentWatchContainerCell.swift */,
				D83D23EF2AEFB90800331011 /* HomeRecentWatchContainerCell.xib */,
				D83D23E62AEFB87300331011 /* HomeRecentWatchItemCell.swift */,
				D83D23E72AEFB87300331011 /* HomeRecentWatchItemCell.xib */,
				D83D23D02AEBBAEA00331011 /* HomeRecommendContainerCell.swift */,
				D83D23D12AEBBAEA00331011 /* HomeRecommendContainerCell.xib */,
				D83D23D42AEBBDE300331011 /* HomeRecommendItemCell.swift */,
				D83D23D52AEBBDE300331011 /* HomeRecommendItemCell.xib */,
				D83D23CC2AEBB55900331011 /* HomeFooterCell.swift */,
				D83D23CD2AEBB55900331011 /* HomeFooterCell.xib */,
			);
			path = Cell;
			sourceTree = "<group>";
		};
		D83D23F22AF0A58800331011 /* Models */ = {
			isa = PBXGroup;
			children = (
				D83D23F52AF0A6BB00331011 /* JSON */,
				D83D23F32AF0A59800331011 /* Home.swift */,
			);
			path = Models;
			sourceTree = "<group>";
		};
		D83D23F52AF0A6BB00331011 /* JSON */ = {
			isa = PBXGroup;
			children = (
				D83D23F62AF0A6FD00331011 /* home.json */,
			);
			path = JSON;
			sourceTree = "<group>";
		};
		D83D24042AF0F08F00331011 /* Features */ = {
			isa = PBXGroup;
			children = (
				D83D23B22AEB92D900331011 /* Login */,
				D83D23B32AEB963F00331011 /* Home */,
			);
			path = Features;
			sourceTree = "<group>";
		};
		D83D24052AF0F0A900331011 /* Utils */ = {
			isa = PBXGroup;
			children = (
				D83D240B2AF0F5B600331011 /* Network */,
				D83D24082AF0F15F00331011 /* Extensions */,
			);
			path = Utils;
			sourceTree = "<group>";
		};
		D83D24082AF0F15F00331011 /* Extensions */ = {
			isa = PBXGroup;
			children = (
				D83D24092AF0F16E00331011 /* UIImageView+Extension.swift */,
			);
			path = Extensions;
			sourceTree = "<group>";
		};
		D83D240B2AF0F5B600331011 /* Network */ = {
			isa = PBXGroup;
			children = (
				D83D24022AF0F03800331011 /* URLDefines.swift */,
				D83D24062AF0F0C400331011 /* DataLoader.swift */,
			);
			path = Network;
			sourceTree = "<group>";
		};
/* End PBXGroup section */

/* Begin PBXNativeTarget section */
		D83D23982AEB855100331011 /* KTV */ = {
			isa = PBXNativeTarget;
			buildConfigurationList = D83D23AD2AEB855200331011 /* Build configuration list for PBXNativeTarget "KTV" */;
			buildPhases = (
				D83D23952AEB855100331011 /* Sources */,
				D83D23962AEB855100331011 /* Frameworks */,
				D83D23972AEB855100331011 /* Resources */,
			);
			buildRules = (
			);
			dependencies = (
			);
			name = KTV;
			productName = KTV;
			productReference = D83D23992AEB855100331011 /* KTV.app */;
			productType = "com.apple.product-type.application";
		};
/* End PBXNativeTarget section */

/* Begin PBXProject section */
		D83D23912AEB855100331011 /* Project object */ = {
			isa = PBXProject;
			attributes = {
				BuildIndependentTargetsInParallel = 1;
				LastSwiftUpdateCheck = 1430;
				LastUpgradeCheck = 1430;
				TargetAttributes = {
					D83D23982AEB855100331011 = {
						CreatedOnToolsVersion = 14.3.1;
					};
				};
			};
			buildConfigurationList = D83D23942AEB855100331011 /* Build configuration list for PBXProject "KTV" */;
			compatibilityVersion = "Xcode 14.0";
			developmentRegion = en;
			hasScannedForEncodings = 0;
			knownRegions = (
				en,
				Base,
			);
			mainGroup = D83D23902AEB855100331011;
			productRefGroup = D83D239A2AEB855100331011 /* Products */;
			projectDirPath = "";
			projectRoot = "";
			targets = (
				D83D23982AEB855100331011 /* KTV */,
			);
		};
/* End PBXProject section */

/* Begin PBXResourcesBuildPhase section */
		D83D23972AEB855100331011 /* Resources */ = {
			isa = PBXResourcesBuildPhase;
			buildActionMask = 2147483647;
			files = (
				D83D23E92AEFB87300331011 /* HomeRecentWatchItemCell.xib in Resources */,
				D83D23A92AEB855200331011 /* LaunchScreen.storyboard in Resources */,
				D83D23B12AEB859B00331011 /* Colors.xcassets in Resources */,
				D83D23D72AEBBDE300331011 /* HomeRecommendItemCell.xib in Resources */,
				D83D23A62AEB855200331011 /* Assets.xcassets in Resources */,
				D83D23DF2AEFB31000331011 /* HomeRankingItemCell.xib in Resources */,
				D83D23F12AEFB90800331011 /* HomeRecentWatchContainerCell.xib in Resources */,
				D83D23C32AEBA59800331011 /* HomeVideoCell.xib in Resources */,
				D83D23A42AEB855100331011 /* Main.storyboard in Resources */,
				D83D23D32AEBBAEA00331011 /* HomeRecommendContainerCell.xib in Resources */,
				D83D23CF2AEBB55900331011 /* HomeFooterCell.xib in Resources */,
				D83D23CB2AEBB33100331011 /* HomeHeaderCell.xib in Resources */,
				D83D23F72AF0A6FD00331011 /* home.json in Resources */,
				D83D23DB2AEFAE1F00331011 /* HomeRankingContainerCell.xib in Resources */,
			);
			runOnlyForDeploymentPostprocessing = 0;
		};
/* End PBXResourcesBuildPhase section */

/* Begin PBXSourcesBuildPhase section */
		D83D23952AEB855100331011 /* Sources */ = {
			isa = PBXSourcesBuildPhase;
			buildActionMask = 2147483647;
			files = (
				D83D240A2AF0F16E00331011 /* UIImageView+Extension.swift in Sources */,
				D83D23F92AF0B63F00331011 /* HomeViewModel.swift in Sources */,
				D83D23A12AEB855100331011 /* LoginViewController.swift in Sources */,
				D83D24032AF0F03800331011 /* URLDefines.swift in Sources */,
				D83D23CA2AEBB33100331011 /* HomeHeaderCell.swift in Sources */,
				D83D23DE2AEFB31000331011 /* HomeRankingItemCell.swift in Sources */,
				D83D23D22AEBBAEA00331011 /* HomeRecommendContainerCell.swift in Sources */,
				D83D23DA2AEFAE1F00331011 /* HomeRankingContainerCell.swift in Sources */,
				D83D23CE2AEBB55900331011 /* HomeFooterCell.swift in Sources */,
				D83D23E82AEFB87300331011 /* HomeRecentWatchItemCell.swift in Sources */,
				D83D24072AF0F0C400331011 /* DataLoader.swift in Sources */,
				D83D23F02AEFB90800331011 /* HomeRecentWatchContainerCell.swift in Sources */,
				D83D239D2AEB855100331011 /* AppDelegate.swift in Sources */,
				D83D23C52AEBAE3300331011 /* HomeSection.swift in Sources */,
				D83D23D62AEBBDE300331011 /* HomeRecommendItemCell.swift in Sources */,
				D83D239F2AEB855100331011 /* SceneDelegate.swift in Sources */,
				D83D23C72AEBB25F00331011 /* TabBarController.swift in Sources */,
				D83D23C22AEBA59800331011 /* HomeVideoCell.swift in Sources */,
				D83D23F42AF0A59800331011 /* Home.swift in Sources */,
				D83D23B52AEB964F00331011 /* HomeViewController.swift in Sources */,
			);
			runOnlyForDeploymentPostprocessing = 0;
		};
/* End PBXSourcesBuildPhase section */

/* Begin PBXVariantGroup section */
		D83D23A22AEB855100331011 /* Main.storyboard */ = {
			isa = PBXVariantGroup;
			children = (
				D83D23A32AEB855100331011 /* Base */,
			);
			name = Main.storyboard;
			sourceTree = "<group>";
		};
		D83D23A72AEB855200331011 /* LaunchScreen.storyboard */ = {
			isa = PBXVariantGroup;
			children = (
				D83D23A82AEB855200331011 /* Base */,
			);
			name = LaunchScreen.storyboard;
			sourceTree = "<group>";
		};
/* End PBXVariantGroup section */

/* Begin XCBuildConfiguration section */
		D83D23AB2AEB855200331011 /* Debug */ = {
			isa = XCBuildConfiguration;
			buildSettings = {
				ALWAYS_SEARCH_USER_PATHS = NO;
				CLANG_ANALYZER_NONNULL = YES;
				CLANG_ANALYZER_NUMBER_OBJECT_CONVERSION = YES_AGGRESSIVE;
				CLANG_CXX_LANGUAGE_STANDARD = "gnu++20";
				CLANG_ENABLE_MODULES = YES;
				CLANG_ENABLE_OBJC_ARC = YES;
				CLANG_ENABLE_OBJC_WEAK = YES;
				CLANG_WARN_BLOCK_CAPTURE_AUTORELEASING = YES;
				CLANG_WARN_BOOL_CONVERSION = YES;
				CLANG_WARN_COMMA = YES;
				CLANG_WARN_CONSTANT_CONVERSION = YES;
				CLANG_WARN_DEPRECATED_OBJC_IMPLEMENTATIONS = YES;
				CLANG_WARN_DIRECT_OBJC_ISA_USAGE = YES_ERROR;
				CLANG_WARN_DOCUMENTATION_COMMENTS = YES;
				CLANG_WARN_EMPTY_BODY = YES;
				CLANG_WARN_ENUM_CONVERSION = YES;
				CLANG_WARN_INFINITE_RECURSION = YES;
				CLANG_WARN_INT_CONVERSION = YES;
				CLANG_WARN_NON_LITERAL_NULL_CONVERSION = YES;
				CLANG_WARN_OBJC_IMPLICIT_RETAIN_SELF = YES;
				CLANG_WARN_OBJC_LITERAL_CONVERSION = YES;
				CLANG_WARN_OBJC_ROOT_CLASS = YES_ERROR;
				CLANG_WARN_QUOTED_INCLUDE_IN_FRAMEWORK_HEADER = YES;
				CLANG_WARN_RANGE_LOOP_ANALYSIS = YES;
				CLANG_WARN_STRICT_PROTOTYPES = YES;
				CLANG_WARN_SUSPICIOUS_MOVE = YES;
				CLANG_WARN_UNGUARDED_AVAILABILITY = YES_AGGRESSIVE;
				CLANG_WARN_UNREACHABLE_CODE = YES;
				CLANG_WARN__DUPLICATE_METHOD_MATCH = YES;
				COPY_PHASE_STRIP = NO;
				DEBUG_INFORMATION_FORMAT = dwarf;
				ENABLE_STRICT_OBJC_MSGSEND = YES;
				ENABLE_TESTABILITY = YES;
				GCC_C_LANGUAGE_STANDARD = gnu11;
				GCC_DYNAMIC_NO_PIC = NO;
				GCC_NO_COMMON_BLOCKS = YES;
				GCC_OPTIMIZATION_LEVEL = 0;
				GCC_PREPROCESSOR_DEFINITIONS = (
					"DEBUG=1",
					"$(inherited)",
				);
				GCC_WARN_64_TO_32_BIT_CONVERSION = YES;
				GCC_WARN_ABOUT_RETURN_TYPE = YES_ERROR;
				GCC_WARN_UNDECLARED_SELECTOR = YES;
				GCC_WARN_UNINITIALIZED_AUTOS = YES_AGGRESSIVE;
				GCC_WARN_UNUSED_FUNCTION = YES;
				GCC_WARN_UNUSED_VARIABLE = YES;
				IPHONEOS_DEPLOYMENT_TARGET = 16.4;
				MTL_ENABLE_DEBUG_INFO = INCLUDE_SOURCE;
				MTL_FAST_MATH = YES;
				ONLY_ACTIVE_ARCH = YES;
				SDKROOT = iphoneos;
				SWIFT_ACTIVE_COMPILATION_CONDITIONS = DEBUG;
				SWIFT_OPTIMIZATION_LEVEL = "-Onone";
			};
			name = Debug;
		};
		D83D23AC2AEB855200331011 /* Release */ = {
			isa = XCBuildConfiguration;
			buildSettings = {
				ALWAYS_SEARCH_USER_PATHS = NO;
				CLANG_ANALYZER_NONNULL = YES;
				CLANG_ANALYZER_NUMBER_OBJECT_CONVERSION = YES_AGGRESSIVE;
				CLANG_CXX_LANGUAGE_STANDARD = "gnu++20";
				CLANG_ENABLE_MODULES = YES;
				CLANG_ENABLE_OBJC_ARC = YES;
				CLANG_ENABLE_OBJC_WEAK = YES;
				CLANG_WARN_BLOCK_CAPTURE_AUTORELEASING = YES;
				CLANG_WARN_BOOL_CONVERSION = YES;
				CLANG_WARN_COMMA = YES;
				CLANG_WARN_CONSTANT_CONVERSION = YES;
				CLANG_WARN_DEPRECATED_OBJC_IMPLEMENTATIONS = YES;
				CLANG_WARN_DIRECT_OBJC_ISA_USAGE = YES_ERROR;
				CLANG_WARN_DOCUMENTATION_COMMENTS = YES;
				CLANG_WARN_EMPTY_BODY = YES;
				CLANG_WARN_ENUM_CONVERSION = YES;
				CLANG_WARN_INFINITE_RECURSION = YES;
				CLANG_WARN_INT_CONVERSION = YES;
				CLANG_WARN_NON_LITERAL_NULL_CONVERSION = YES;
				CLANG_WARN_OBJC_IMPLICIT_RETAIN_SELF = YES;
				CLANG_WARN_OBJC_LITERAL_CONVERSION = YES;
				CLANG_WARN_OBJC_ROOT_CLASS = YES_ERROR;
				CLANG_WARN_QUOTED_INCLUDE_IN_FRAMEWORK_HEADER = YES;
				CLANG_WARN_RANGE_LOOP_ANALYSIS = YES;
				CLANG_WARN_STRICT_PROTOTYPES = YES;
				CLANG_WARN_SUSPICIOUS_MOVE = YES;
				CLANG_WARN_UNGUARDED_AVAILABILITY = YES_AGGRESSIVE;
				CLANG_WARN_UNREACHABLE_CODE = YES;
				CLANG_WARN__DUPLICATE_METHOD_MATCH = YES;
				COPY_PHASE_STRIP = NO;
				DEBUG_INFORMATION_FORMAT = "dwarf-with-dsym";
				ENABLE_NS_ASSERTIONS = NO;
				ENABLE_STRICT_OBJC_MSGSEND = YES;
				GCC_C_LANGUAGE_STANDARD = gnu11;
				GCC_NO_COMMON_BLOCKS = YES;
				GCC_WARN_64_TO_32_BIT_CONVERSION = YES;
				GCC_WARN_ABOUT_RETURN_TYPE = YES_ERROR;
				GCC_WARN_UNDECLARED_SELECTOR = YES;
				GCC_WARN_UNINITIALIZED_AUTOS = YES_AGGRESSIVE;
				GCC_WARN_UNUSED_FUNCTION = YES;
				GCC_WARN_UNUSED_VARIABLE = YES;
				IPHONEOS_DEPLOYMENT_TARGET = 16.4;
				MTL_ENABLE_DEBUG_INFO = NO;
				MTL_FAST_MATH = YES;
				SDKROOT = iphoneos;
				SWIFT_COMPILATION_MODE = wholemodule;
				SWIFT_OPTIMIZATION_LEVEL = "-O";
				VALIDATE_PRODUCT = YES;
			};
			name = Release;
		};
		D83D23AE2AEB855200331011 /* Debug */ = {
			isa = XCBuildConfiguration;
			buildSettings = {
				ASSETCATALOG_COMPILER_APPICON_NAME = AppIcon;
				ASSETCATALOG_COMPILER_GLOBAL_ACCENT_COLOR_NAME = AccentColor;
				CODE_SIGN_STYLE = Automatic;
				CURRENT_PROJECT_VERSION = 1;
				DEVELOPMENT_TEAM = Q9UQ8U75N8;
				GENERATE_INFOPLIST_FILE = YES;
				INFOPLIST_FILE = KTV/Info.plist;
				INFOPLIST_KEY_UIApplicationSupportsIndirectInputEvents = YES;
				INFOPLIST_KEY_UILaunchStoryboardName = LaunchScreen;
				INFOPLIST_KEY_UIMainStoryboardFile = Main;
				INFOPLIST_KEY_UISupportedInterfaceOrientations_iPad = "UIInterfaceOrientationPortrait UIInterfaceOrientationPortraitUpsideDown UIInterfaceOrientationLandscapeLeft UIInterfaceOrientationLandscapeRight";
				INFOPLIST_KEY_UISupportedInterfaceOrientations_iPhone = "UIInterfaceOrientationPortrait UIInterfaceOrientationLandscapeLeft UIInterfaceOrientationLandscapeRight";
				LD_RUNPATH_SEARCH_PATHS = (
					"$(inherited)",
					"@executable_path/Frameworks",
				);
				MARKETING_VERSION = 1.0;
				PRODUCT_BUNDLE_IDENTIFIER = dodor.KTV;
				PRODUCT_NAME = "$(TARGET_NAME)";
				SWIFT_EMIT_LOC_STRINGS = YES;
				SWIFT_VERSION = 5.0;
				TARGETED_DEVICE_FAMILY = "1,2";
			};
			name = Debug;
		};
		D83D23AF2AEB855200331011 /* Release */ = {
			isa = XCBuildConfiguration;
			buildSettings = {
				ASSETCATALOG_COMPILER_APPICON_NAME = AppIcon;
				ASSETCATALOG_COMPILER_GLOBAL_ACCENT_COLOR_NAME = AccentColor;
				CODE_SIGN_STYLE = Automatic;
				CURRENT_PROJECT_VERSION = 1;
				DEVELOPMENT_TEAM = Q9UQ8U75N8;
				GENERATE_INFOPLIST_FILE = YES;
				INFOPLIST_FILE = KTV/Info.plist;
				INFOPLIST_KEY_UIApplicationSupportsIndirectInputEvents = YES;
				INFOPLIST_KEY_UILaunchStoryboardName = LaunchScreen;
				INFOPLIST_KEY_UIMainStoryboardFile = Main;
				INFOPLIST_KEY_UISupportedInterfaceOrientations_iPad = "UIInterfaceOrientationPortrait UIInterfaceOrientationPortraitUpsideDown UIInterfaceOrientationLandscapeLeft UIInterfaceOrientationLandscapeRight";
				INFOPLIST_KEY_UISupportedInterfaceOrientations_iPhone = "UIInterfaceOrientationPortrait UIInterfaceOrientationLandscapeLeft UIInterfaceOrientationLandscapeRight";
				LD_RUNPATH_SEARCH_PATHS = (
					"$(inherited)",
					"@executable_path/Frameworks",
				);
				MARKETING_VERSION = 1.0;
				PRODUCT_BUNDLE_IDENTIFIER = dodor.KTV;
				PRODUCT_NAME = "$(TARGET_NAME)";
				SWIFT_EMIT_LOC_STRINGS = YES;
				SWIFT_VERSION = 5.0;
				TARGETED_DEVICE_FAMILY = "1,2";
			};
			name = Release;
		};
/* End XCBuildConfiguration section */

/* Begin XCConfigurationList section */
		D83D23942AEB855100331011 /* Build configuration list for PBXProject "KTV" */ = {
			isa = XCConfigurationList;
			buildConfigurations = (
				D83D23AB2AEB855200331011 /* Debug */,
				D83D23AC2AEB855200331011 /* Release */,
			);
			defaultConfigurationIsVisible = 0;
			defaultConfigurationName = Release;
		};
		D83D23AD2AEB855200331011 /* Build configuration list for PBXNativeTarget "KTV" */ = {
			isa = XCConfigurationList;
			buildConfigurations = (
				D83D23AE2AEB855200331011 /* Debug */,
				D83D23AF2AEB855200331011 /* Release */,
			);
			defaultConfigurationIsVisible = 0;
			defaultConfigurationName = Release;
		};
/* End XCConfigurationList section */
	};
	rootObject = D83D23912AEB855100331011 /* Project object */;
}
